// !$*UTF8*$!
{
	archiveVersion = 1;
	classes = {
	};
	objectVersion = 51;
	objects = {

/* Begin PBXBuildFile section */
		39BE5A4C256C40D2007F0724 /* AppDelegate.swift in Sources */ = {isa = PBXBuildFile; fileRef = 39BE5A4B256C40D2007F0724 /* AppDelegate.swift */; };
		39BE5A52256C40D2007F0724 /* GameScene.swift in Sources */ = {isa = PBXBuildFile; fileRef = 39BE5A51256C40D2007F0724 /* GameScene.swift */; };
		39BE5A54256C40D2007F0724 /* GameViewController.swift in Sources */ = {isa = PBXBuildFile; fileRef = 39BE5A53256C40D2007F0724 /* GameViewController.swift */; };
		39BE5A57256C40D2007F0724 /* Main.storyboard in Resources */ = {isa = PBXBuildFile; fileRef = 39BE5A55256C40D2007F0724 /* Main.storyboard */; };
		39BE5A59256C40D4007F0724 /* Assets.xcassets in Resources */ = {isa = PBXBuildFile; fileRef = 39BE5A58256C40D4007F0724 /* Assets.xcassets */; };
		39BE5A5C256C40D4007F0724 /* LaunchScreen.storyboard in Resources */ = {isa = PBXBuildFile; fileRef = 39BE5A5A256C40D4007F0724 /* LaunchScreen.storyboard */; };
		39BE5A66256C4A43007F0724 /* GoogleService-Info.plist in Resources */ = {isa = PBXBuildFile; fileRef = 39BE5A65256C4A43007F0724 /* GoogleService-Info.plist */; };
		96371B74256D8A2500210BBE /* FirebaseUtils.swift in Sources */ = {isa = PBXBuildFile; fileRef = 96371B73256D8A2500210BBE /* FirebaseUtils.swift */; };
		964487B4256C9A8D00340D98 /* FirstScreenViewController.swift in Sources */ = {isa = PBXBuildFile; fileRef = 964487B3256C9A8D00340D98 /* FirstScreenViewController.swift */; };
		96E5ADFF257466F3003C4CEB /* CampViewController.swift in Sources */ = {isa = PBXBuildFile; fileRef = 96E5ADFE257466F3003C4CEB /* CampViewController.swift */; };
		96E5AE0225746787003C4CEB /* CampScene.swift in Sources */ = {isa = PBXBuildFile; fileRef = 96E5AE0125746787003C4CEB /* CampScene.swift */; };
		96E5AE0525746A8A003C4CEB /* GameEndViewController.swift in Sources */ = {isa = PBXBuildFile; fileRef = 96E5AE0425746A8A003C4CEB /* GameEndViewController.swift */; };
		96E5AE0825746B6B003C4CEB /* ShopViewController.swift in Sources */ = {isa = PBXBuildFile; fileRef = 96E5AE0725746B6B003C4CEB /* ShopViewController.swift */; };
		96E5AE0B25746C26003C4CEB /* ShopScene.swift in Sources */ = {isa = PBXBuildFile; fileRef = 96E5AE0A25746C26003C4CEB /* ShopScene.swift */; };
		96E5AE0E25746CB5003C4CEB /* BattleViewController.swift in Sources */ = {isa = PBXBuildFile; fileRef = 96E5AE0D25746CB5003C4CEB /* BattleViewController.swift */; };
		96E5AE1125746D52003C4CEB /* BattleScene.swift in Sources */ = {isa = PBXBuildFile; fileRef = 96E5AE1025746D52003C4CEB /* BattleScene.swift */; };
		BC03B458256E3B2800A51A2D /* CharacterSelectionScene.swift in Sources */ = {isa = PBXBuildFile; fileRef = BC03B457256E3B2800A51A2D /* CharacterSelectionScene.swift */; };
		BC03B45E256E45F600A51A2D /* CharacterSelectionController.swift in Sources */ = {isa = PBXBuildFile; fileRef = BC03B45D256E45F600A51A2D /* CharacterSelectionController.swift */; };
		BC9ECE56257BFD29004CBD3F /* Card.swift in Sources */ = {isa = PBXBuildFile; fileRef = BC9ECE55257BFD29004CBD3F /* Card.swift */; };
		F81646979088E355B297EC73 /* Pods_Into_The_Dungeon.framework in Frameworks */ = {isa = PBXBuildFile; fileRef = 8C3F35511275F9D40E9760CA /* Pods_Into_The_Dungeon.framework */; };
/* End PBXBuildFile section */

/* Begin PBXFileReference section */
		27E6C74DBAA892679180C3AF /* Pods-Into The Dungeon.release.xcconfig */ = {isa = PBXFileReference; includeInIndex = 1; lastKnownFileType = text.xcconfig; name = "Pods-Into The Dungeon.release.xcconfig"; path = "Target Support Files/Pods-Into The Dungeon/Pods-Into The Dungeon.release.xcconfig"; sourceTree = "<group>"; };
		39BE5A48256C40D2007F0724 /* Into The Dungeon.app */ = {isa = PBXFileReference; explicitFileType = wrapper.application; includeInIndex = 0; path = "Into The Dungeon.app"; sourceTree = BUILT_PRODUCTS_DIR; };
		39BE5A4B256C40D2007F0724 /* AppDelegate.swift */ = {isa = PBXFileReference; lastKnownFileType = sourcecode.swift; path = AppDelegate.swift; sourceTree = "<group>"; };
		39BE5A51256C40D2007F0724 /* GameScene.swift */ = {isa = PBXFileReference; lastKnownFileType = sourcecode.swift; path = GameScene.swift; sourceTree = "<group>"; };
		39BE5A53256C40D2007F0724 /* GameViewController.swift */ = {isa = PBXFileReference; lastKnownFileType = sourcecode.swift; path = GameViewController.swift; sourceTree = "<group>"; };
		39BE5A56256C40D2007F0724 /* Base */ = {isa = PBXFileReference; lastKnownFileType = file.storyboard; name = Base; path = Base.lproj/Main.storyboard; sourceTree = "<group>"; };
		39BE5A58256C40D4007F0724 /* Assets.xcassets */ = {isa = PBXFileReference; lastKnownFileType = folder.assetcatalog; path = Assets.xcassets; sourceTree = "<group>"; };
		39BE5A5B256C40D4007F0724 /* Base */ = {isa = PBXFileReference; lastKnownFileType = file.storyboard; name = Base; path = Base.lproj/LaunchScreen.storyboard; sourceTree = "<group>"; };
		39BE5A5D256C40D4007F0724 /* Info.plist */ = {isa = PBXFileReference; lastKnownFileType = text.plist.xml; path = Info.plist; sourceTree = "<group>"; };
		39BE5A65256C4A43007F0724 /* GoogleService-Info.plist */ = {isa = PBXFileReference; fileEncoding = 4; lastKnownFileType = text.plist.xml; path = "GoogleService-Info.plist"; sourceTree = "<group>"; };
		8C3F35511275F9D40E9760CA /* Pods_Into_The_Dungeon.framework */ = {isa = PBXFileReference; explicitFileType = wrapper.framework; includeInIndex = 0; path = Pods_Into_The_Dungeon.framework; sourceTree = BUILT_PRODUCTS_DIR; };
		96371B73256D8A2500210BBE /* FirebaseUtils.swift */ = {isa = PBXFileReference; lastKnownFileType = sourcecode.swift; path = FirebaseUtils.swift; sourceTree = "<group>"; };
		964487B3256C9A8D00340D98 /* FirstScreenViewController.swift */ = {isa = PBXFileReference; lastKnownFileType = sourcecode.swift; path = FirstScreenViewController.swift; sourceTree = "<group>"; };
		96E5ADFE257466F3003C4CEB /* CampViewController.swift */ = {isa = PBXFileReference; lastKnownFileType = sourcecode.swift; path = CampViewController.swift; sourceTree = "<group>"; };
		96E5AE0125746787003C4CEB /* CampScene.swift */ = {isa = PBXFileReference; lastKnownFileType = sourcecode.swift; path = CampScene.swift; sourceTree = "<group>"; };
		96E5AE0425746A8A003C4CEB /* GameEndViewController.swift */ = {isa = PBXFileReference; lastKnownFileType = sourcecode.swift; path = GameEndViewController.swift; sourceTree = "<group>"; };
		96E5AE0725746B6B003C4CEB /* ShopViewController.swift */ = {isa = PBXFileReference; lastKnownFileType = sourcecode.swift; path = ShopViewController.swift; sourceTree = "<group>"; };
		96E5AE0A25746C26003C4CEB /* ShopScene.swift */ = {isa = PBXFileReference; lastKnownFileType = sourcecode.swift; path = ShopScene.swift; sourceTree = "<group>"; };
		96E5AE0D25746CB5003C4CEB /* BattleViewController.swift */ = {isa = PBXFileReference; lastKnownFileType = sourcecode.swift; path = BattleViewController.swift; sourceTree = "<group>"; };
		96E5AE1025746D52003C4CEB /* BattleScene.swift */ = {isa = PBXFileReference; lastKnownFileType = sourcecode.swift; path = BattleScene.swift; sourceTree = "<group>"; };
		BC03B457256E3B2800A51A2D /* CharacterSelectionScene.swift */ = {isa = PBXFileReference; lastKnownFileType = sourcecode.swift; path = CharacterSelectionScene.swift; sourceTree = "<group>"; };
		BC03B45D256E45F600A51A2D /* CharacterSelectionController.swift */ = {isa = PBXFileReference; lastKnownFileType = sourcecode.swift; path = CharacterSelectionController.swift; sourceTree = "<group>"; };
		BC9ECE55257BFD29004CBD3F /* Card.swift */ = {isa = PBXFileReference; lastKnownFileType = sourcecode.swift; path = Card.swift; sourceTree = "<group>"; };
		F4530EACA850101A1B0F400C /* Pods-Into The Dungeon.debug.xcconfig */ = {isa = PBXFileReference; includeInIndex = 1; lastKnownFileType = text.xcconfig; name = "Pods-Into The Dungeon.debug.xcconfig"; path = "Target Support Files/Pods-Into The Dungeon/Pods-Into The Dungeon.debug.xcconfig"; sourceTree = "<group>"; };
/* End PBXFileReference section */

/* Begin PBXFrameworksBuildPhase section */
		39BE5A45256C40D2007F0724 /* Frameworks */ = {
			isa = PBXFrameworksBuildPhase;
			buildActionMask = 2147483647;
			files = (
				F81646979088E355B297EC73 /* Pods_Into_The_Dungeon.framework in Frameworks */,
			);
			runOnlyForDeploymentPostprocessing = 0;
		};
/* End PBXFrameworksBuildPhase section */

/* Begin PBXGroup section */
		39BE5A3F256C40D2007F0724 = {
			isa = PBXGroup;
			children = (
				39BE5A4A256C40D2007F0724 /* Into The Dungeon */,
				39BE5A49256C40D2007F0724 /* Products */,
				AA561E2893335D356E53A8AC /* Pods */,
				6F1B35B30F9836B0DCC096D9 /* Frameworks */,
			);
			sourceTree = "<group>";
		};
		39BE5A49256C40D2007F0724 /* Products */ = {
			isa = PBXGroup;
			children = (
				39BE5A48256C40D2007F0724 /* Into The Dungeon.app */,
			);
			name = Products;
			sourceTree = "<group>";
		};
		39BE5A4A256C40D2007F0724 /* Into The Dungeon */ = {
			isa = PBXGroup;
			children = (
				39BE5A4B256C40D2007F0724 /* AppDelegate.swift */,
				39BE5A51256C40D2007F0724 /* GameScene.swift */,
				BC9ECE55257BFD29004CBD3F /* Card.swift */,
				39BE5A53256C40D2007F0724 /* GameViewController.swift */,
				BC03B457256E3B2800A51A2D /* CharacterSelectionScene.swift */,
				BC03B45D256E45F600A51A2D /* CharacterSelectionController.swift */,
				39BE5A55256C40D2007F0724 /* Main.storyboard */,
				39BE5A58256C40D4007F0724 /* Assets.xcassets */,
				39BE5A65256C4A43007F0724 /* GoogleService-Info.plist */,
				39BE5A5A256C40D4007F0724 /* LaunchScreen.storyboard */,
				39BE5A5D256C40D4007F0724 /* Info.plist */,
				964487B3256C9A8D00340D98 /* FirstScreenViewController.swift */,
				96371B73256D8A2500210BBE /* FirebaseUtils.swift */,
				96E5ADFE257466F3003C4CEB /* CampViewController.swift */,
				96E5AE0125746787003C4CEB /* CampScene.swift */,
				96E5AE0425746A8A003C4CEB /* GameEndViewController.swift */,
				96E5AE0725746B6B003C4CEB /* ShopViewController.swift */,
				96E5AE0A25746C26003C4CEB /* ShopScene.swift */,
				96E5AE0D25746CB5003C4CEB /* BattleViewController.swift */,
				96E5AE1025746D52003C4CEB /* BattleScene.swift */,
			);
			path = "Into The Dungeon";
			sourceTree = "<group>";
		};
		6F1B35B30F9836B0DCC096D9 /* Frameworks */ = {
			isa = PBXGroup;
			children = (
				8C3F35511275F9D40E9760CA /* Pods_Into_The_Dungeon.framework */,
			);
			name = Frameworks;
			sourceTree = "<group>";
		};
		AA561E2893335D356E53A8AC /* Pods */ = {
			isa = PBXGroup;
			children = (
				F4530EACA850101A1B0F400C /* Pods-Into The Dungeon.debug.xcconfig */,
				27E6C74DBAA892679180C3AF /* Pods-Into The Dungeon.release.xcconfig */,
			);
			path = Pods;
			sourceTree = "<group>";
		};
/* End PBXGroup section */

/* Begin PBXNativeTarget section */
		39BE5A47256C40D2007F0724 /* Into The Dungeon */ = {
			isa = PBXNativeTarget;
			buildConfigurationList = 39BE5A60256C40D4007F0724 /* Build configuration list for PBXNativeTarget "Into The Dungeon" */;
			buildPhases = (
				853EDF530D84FA14EC3C7116 /* [CP] Check Pods Manifest.lock */,
				39BE5A44256C40D2007F0724 /* Sources */,
				39BE5A45256C40D2007F0724 /* Frameworks */,
				39BE5A46256C40D2007F0724 /* Resources */,
				E0FAEF775B4744F4922CC006 /* [CP] Embed Pods Frameworks */,
			);
			buildRules = (
			);
			dependencies = (
			);
			name = "Into The Dungeon";
			productName = "Into The Dungeon";
			productReference = 39BE5A48256C40D2007F0724 /* Into The Dungeon.app */;
			productType = "com.apple.product-type.application";
		};
/* End PBXNativeTarget section */

/* Begin PBXProject section */
		39BE5A40256C40D2007F0724 /* Project object */ = {
			isa = PBXProject;
			attributes = {
				LastSwiftUpdateCheck = 1170;
				LastUpgradeCheck = 1170;
				ORGANIZATIONNAME = "Vy Nguyen";
				TargetAttributes = {
					39BE5A47256C40D2007F0724 = {
						CreatedOnToolsVersion = 11.7;
					};
				};
			};
			buildConfigurationList = 39BE5A43256C40D2007F0724 /* Build configuration list for PBXProject "Into The Dungeon" */;
			compatibilityVersion = "Xcode 9.3";
			developmentRegion = en;
			hasScannedForEncodings = 0;
			knownRegions = (
				en,
				Base,
			);
			mainGroup = 39BE5A3F256C40D2007F0724;
			productRefGroup = 39BE5A49256C40D2007F0724 /* Products */;
			projectDirPath = "";
			projectRoot = "";
			targets = (
				39BE5A47256C40D2007F0724 /* Into The Dungeon */,
			);
		};
/* End PBXProject section */

/* Begin PBXResourcesBuildPhase section */
		39BE5A46256C40D2007F0724 /* Resources */ = {
			isa = PBXResourcesBuildPhase;
			buildActionMask = 2147483647;
			files = (
				39BE5A57256C40D2007F0724 /* Main.storyboard in Resources */,
				39BE5A59256C40D4007F0724 /* Assets.xcassets in Resources */,
				39BE5A5C256C40D4007F0724 /* LaunchScreen.storyboard in Resources */,
				39BE5A66256C4A43007F0724 /* GoogleService-Info.plist in Resources */,
			);
			runOnlyForDeploymentPostprocessing = 0;
		};
/* End PBXResourcesBuildPhase section */

/* Begin PBXShellScriptBuildPhase section */
		853EDF530D84FA14EC3C7116 /* [CP] Check Pods Manifest.lock */ = {
			isa = PBXShellScriptBuildPhase;
			buildActionMask = 2147483647;
			files = (
			);
			inputFileListPaths = (
			);
			inputPaths = (
				"${PODS_PODFILE_DIR_PATH}/Podfile.lock",
				"${PODS_ROOT}/Manifest.lock",
			);
			name = "[CP] Check Pods Manifest.lock";
			outputFileListPaths = (
			);
			outputPaths = (
				"$(DERIVED_FILE_DIR)/Pods-Into The Dungeon-checkManifestLockResult.txt",
			);
			runOnlyForDeploymentPostprocessing = 0;
			shellPath = /bin/sh;
			shellScript = "diff \"${PODS_PODFILE_DIR_PATH}/Podfile.lock\" \"${PODS_ROOT}/Manifest.lock\" > /dev/null\nif [ $? != 0 ] ; then\n    # print error to STDERR\n    echo \"error: The sandbox is not in sync with the Podfile.lock. Run 'pod install' or update your CocoaPods installation.\" >&2\n    exit 1\nfi\n# This output is used by Xcode 'outputs' to avoid re-running this script phase.\necho \"SUCCESS\" > \"${SCRIPT_OUTPUT_FILE_0}\"\n";
			showEnvVarsInLog = 0;
		};
		E0FAEF775B4744F4922CC006 /* [CP] Embed Pods Frameworks */ = {
			isa = PBXShellScriptBuildPhase;
			buildActionMask = 2147483647;
			files = (
			);
			inputFileListPaths = (
				"${PODS_ROOT}/Target Support Files/Pods-Into The Dungeon/Pods-Into The Dungeon-frameworks-${CONFIGURATION}-input-files.xcfilelist",
			);
			name = "[CP] Embed Pods Frameworks";
			outputFileListPaths = (
				"${PODS_ROOT}/Target Support Files/Pods-Into The Dungeon/Pods-Into The Dungeon-frameworks-${CONFIGURATION}-output-files.xcfilelist",
			);
			runOnlyForDeploymentPostprocessing = 0;
			shellPath = /bin/sh;
			shellScript = "\"${PODS_ROOT}/Target Support Files/Pods-Into The Dungeon/Pods-Into The Dungeon-frameworks.sh\"\n";
			showEnvVarsInLog = 0;
		};
/* End PBXShellScriptBuildPhase section */

/* Begin PBXSourcesBuildPhase section */
		39BE5A44256C40D2007F0724 /* Sources */ = {
			isa = PBXSourcesBuildPhase;
			buildActionMask = 2147483647;
			files = (
				39BE5A52256C40D2007F0724 /* GameScene.swift in Sources */,
				96371B74256D8A2500210BBE /* FirebaseUtils.swift in Sources */,
				96E5ADFF257466F3003C4CEB /* CampViewController.swift in Sources */,
				96E5AE0525746A8A003C4CEB /* GameEndViewController.swift in Sources */,
				96E5AE0E25746CB5003C4CEB /* BattleViewController.swift in Sources */,
				96E5AE0B25746C26003C4CEB /* ShopScene.swift in Sources */,
				BC03B458256E3B2800A51A2D /* CharacterSelectionScene.swift in Sources */,
				96E5AE0825746B6B003C4CEB /* ShopViewController.swift in Sources */,
				96E5AE0225746787003C4CEB /* CampScene.swift in Sources */,
				964487B4256C9A8D00340D98 /* FirstScreenViewController.swift in Sources */,
				96E5AE1125746D52003C4CEB /* BattleScene.swift in Sources */,
				39BE5A54256C40D2007F0724 /* GameViewController.swift in Sources */,
				BC03B45E256E45F600A51A2D /* CharacterSelectionController.swift in Sources */,
				39BE5A4C256C40D2007F0724 /* AppDelegate.swift in Sources */,
				BC9ECE56257BFD29004CBD3F /* Card.swift in Sources */,
			);
			runOnlyForDeploymentPostprocessing = 0;
		};
/* End PBXSourcesBuildPhase section */

/* Begin PBXVariantGroup section */
		39BE5A55256C40D2007F0724 /* Main.storyboard */ = {
			isa = PBXVariantGroup;
			children = (
				39BE5A56256C40D2007F0724 /* Base */,
			);
			name = Main.storyboard;
			sourceTree = "<group>";
		};
		39BE5A5A256C40D4007F0724 /* LaunchScreen.storyboard */ = {
			isa = PBXVariantGroup;
			children = (
				39BE5A5B256C40D4007F0724 /* Base */,
			);
			name = LaunchScreen.storyboard;
			sourceTree = "<group>";
		};
/* End PBXVariantGroup section */

/* Begin XCBuildConfiguration section */
		39BE5A5E256C40D4007F0724 /* Debug */ = {
			isa = XCBuildConfiguration;
			buildSettings = {
				ALWAYS_SEARCH_USER_PATHS = NO;
				CLANG_ANALYZER_NONNULL = YES;
				CLANG_ANALYZER_NUMBER_OBJECT_CONVERSION = YES_AGGRESSIVE;
				CLANG_CXX_LANGUAGE_STANDARD = "gnu++14";
				CLANG_CXX_LIBRARY = "libc++";
				CLANG_ENABLE_MODULES = YES;
				CLANG_ENABLE_OBJC_ARC = YES;
				CLANG_ENABLE_OBJC_WEAK = YES;
				CLANG_WARN_BLOCK_CAPTURE_AUTORELEASING = YES;
				CLANG_WARN_BOOL_CONVERSION = YES;
				CLANG_WARN_COMMA = YES;
				CLANG_WARN_CONSTANT_CONVERSION = YES;
				CLANG_WARN_DEPRECATED_OBJC_IMPLEMENTATIONS = YES;
				CLANG_WARN_DIRECT_OBJC_ISA_USAGE = YES_ERROR;
				CLANG_WARN_DOCUMENTATION_COMMENTS = YES;
				CLANG_WARN_EMPTY_BODY = YES;
				CLANG_WARN_ENUM_CONVERSION = YES;
				CLANG_WARN_INFINITE_RECURSION = YES;
				CLANG_WARN_INT_CONVERSION = YES;
				CLANG_WARN_NON_LITERAL_NULL_CONVERSION = YES;
				CLANG_WARN_OBJC_IMPLICIT_RETAIN_SELF = YES;
				CLANG_WARN_OBJC_LITERAL_CONVERSION = YES;
				CLANG_WARN_OBJC_ROOT_CLASS = YES_ERROR;
				CLANG_WARN_RANGE_LOOP_ANALYSIS = YES;
				CLANG_WARN_STRICT_PROTOTYPES = YES;
				CLANG_WARN_SUSPICIOUS_MOVE = YES;
				CLANG_WARN_UNGUARDED_AVAILABILITY = YES_AGGRESSIVE;
				CLANG_WARN_UNREACHABLE_CODE = YES;
				CLANG_WARN__DUPLICATE_METHOD_MATCH = YES;
				COPY_PHASE_STRIP = NO;
				DEBUG_INFORMATION_FORMAT = dwarf;
				ENABLE_STRICT_OBJC_MSGSEND = YES;
				ENABLE_TESTABILITY = YES;
				GCC_C_LANGUAGE_STANDARD = gnu11;
				GCC_DYNAMIC_NO_PIC = NO;
				GCC_NO_COMMON_BLOCKS = YES;
				GCC_OPTIMIZATION_LEVEL = 0;
				GCC_PREPROCESSOR_DEFINITIONS = (
					"DEBUG=1",
					"$(inherited)",
				);
				GCC_WARN_64_TO_32_BIT_CONVERSION = YES;
				GCC_WARN_ABOUT_RETURN_TYPE = YES_ERROR;
				GCC_WARN_UNDECLARED_SELECTOR = YES;
				GCC_WARN_UNINITIALIZED_AUTOS = YES_AGGRESSIVE;
				GCC_WARN_UNUSED_FUNCTION = YES;
				GCC_WARN_UNUSED_VARIABLE = YES;
				IPHONEOS_DEPLOYMENT_TARGET = 13.6;
				MTL_ENABLE_DEBUG_INFO = INCLUDE_SOURCE;
				MTL_FAST_MATH = YES;
				ONLY_ACTIVE_ARCH = YES;
				SDKROOT = iphoneos;
				SWIFT_ACTIVE_COMPILATION_CONDITIONS = DEBUG;
				SWIFT_OPTIMIZATION_LEVEL = "-Onone";
			};
			name = Debug;
		};
		39BE5A5F256C40D4007F0724 /* Release */ = {
			isa = XCBuildConfiguration;
			buildSettings = {
				ALWAYS_SEARCH_USER_PATHS = NO;
				CLANG_ANALYZER_NONNULL = YES;
				CLANG_ANALYZER_NUMBER_OBJECT_CONVERSION = YES_AGGRESSIVE;
				CLANG_CXX_LANGUAGE_STANDARD = "gnu++14";
				CLANG_CXX_LIBRARY = "libc++";
				CLANG_ENABLE_MODULES = YES;
				CLANG_ENABLE_OBJC_ARC = YES;
				CLANG_ENABLE_OBJC_WEAK = YES;
				CLANG_WARN_BLOCK_CAPTURE_AUTORELEASING = YES;
				CLANG_WARN_BOOL_CONVERSION = YES;
				CLANG_WARN_COMMA = YES;
				CLANG_WARN_CONSTANT_CONVERSION = YES;
				CLANG_WARN_DEPRECATED_OBJC_IMPLEMENTATIONS = YES;
				CLANG_WARN_DIRECT_OBJC_ISA_USAGE = YES_ERROR;
				CLANG_WARN_DOCUMENTATION_COMMENTS = YES;
				CLANG_WARN_EMPTY_BODY = YES;
				CLANG_WARN_ENUM_CONVERSION = YES;
				CLANG_WARN_INFINITE_RECURSION = YES;
				CLANG_WARN_INT_CONVERSION = YES;
				CLANG_WARN_NON_LITERAL_NULL_CONVERSION = YES;
				CLANG_WARN_OBJC_IMPLICIT_RETAIN_SELF = YES;
				CLANG_WARN_OBJC_LITERAL_CONVERSION = YES;
				CLANG_WARN_OBJC_ROOT_CLASS = YES_ERROR;
				CLANG_WARN_RANGE_LOOP_ANALYSIS = YES;
				CLANG_WARN_STRICT_PROTOTYPES = YES;
				CLANG_WARN_SUSPICIOUS_MOVE = YES;
				CLANG_WARN_UNGUARDED_AVAILABILITY = YES_AGGRESSIVE;
				CLANG_WARN_UNREACHABLE_CODE = YES;
				CLANG_WARN__DUPLICATE_METHOD_MATCH = YES;
				COPY_PHASE_STRIP = NO;
				DEBUG_INFORMATION_FORMAT = "dwarf-with-dsym";
				ENABLE_NS_ASSERTIONS = NO;
				ENABLE_STRICT_OBJC_MSGSEND = YES;
				GCC_C_LANGUAGE_STANDARD = gnu11;
				GCC_NO_COMMON_BLOCKS = YES;
				GCC_WARN_64_TO_32_BIT_CONVERSION = YES;
				GCC_WARN_ABOUT_RETURN_TYPE = YES_ERROR;
				GCC_WARN_UNDECLARED_SELECTOR = YES;
				GCC_WARN_UNINITIALIZED_AUTOS = YES_AGGRESSIVE;
				GCC_WARN_UNUSED_FUNCTION = YES;
				GCC_WARN_UNUSED_VARIABLE = YES;
				IPHONEOS_DEPLOYMENT_TARGET = 13.6;
				MTL_ENABLE_DEBUG_INFO = NO;
				MTL_FAST_MATH = YES;
				SDKROOT = iphoneos;
				SWIFT_COMPILATION_MODE = wholemodule;
				SWIFT_OPTIMIZATION_LEVEL = "-O";
				VALIDATE_PRODUCT = YES;
			};
			name = Release;
		};
		39BE5A61256C40D4007F0724 /* Debug */ = {
			isa = XCBuildConfiguration;
			baseConfigurationReference = F4530EACA850101A1B0F400C /* Pods-Into The Dungeon.debug.xcconfig */;
			buildSettings = {
				ASSETCATALOG_COMPILER_APPICON_NAME = AppIcon;
				CODE_SIGN_STYLE = Automatic;
				DEVELOPMENT_TEAM = 477UD872AV;
				INFOPLIST_FILE = "Into The Dungeon/Info.plist";
				LD_RUNPATH_SEARCH_PATHS = (
					"$(inherited)",
					"@executable_path/Frameworks",
				);
				PRODUCT_BUNDLE_IDENTIFIER = "com.nguyen.vn.Into-The-Dungeon";
				PRODUCT_NAME = "$(TARGET_NAME)";
				SWIFT_VERSION = 5.0;
				TARGETED_DEVICE_FAMILY = "1,2";
			};
			name = Debug;
		};
		39BE5A62256C40D4007F0724 /* Release */ = {
			isa = XCBuildConfiguration;
			baseConfigurationReference = 27E6C74DBAA892679180C3AF /* Pods-Into The Dungeon.release.xcconfig */;
			buildSettings = {
				ASSETCATALOG_COMPILER_APPICON_NAME = AppIcon;
				CODE_SIGN_STYLE = Automatic;
				DEVELOPMENT_TEAM = 477UD872AV;
				INFOPLIST_FILE = "Into The Dungeon/Info.plist";
				LD_RUNPATH_SEARCH_PATHS = (
					"$(inherited)",
					"@executable_path/Frameworks",
				);
				PRODUCT_BUNDLE_IDENTIFIER = "com.nguyen.vn.Into-The-Dungeon";
				PRODUCT_NAME = "$(TARGET_NAME)";
				SWIFT_VERSION = 5.0;
				TARGETED_DEVICE_FAMILY = "1,2";
			};
			name = Release;
		};
/* End XCBuildConfiguration section */

/* Begin XCConfigurationList section */
		39BE5A43256C40D2007F0724 /* Build configuration list for PBXProject "Into The Dungeon" */ = {
			isa = XCConfigurationList;
			buildConfigurations = (
				39BE5A5E256C40D4007F0724 /* Debug */,
				39BE5A5F256C40D4007F0724 /* Release */,
			);
			defaultConfigurationIsVisible = 0;
			defaultConfigurationName = Release;
		};
		39BE5A60256C40D4007F0724 /* Build configuration list for PBXNativeTarget "Into The Dungeon" */ = {
			isa = XCConfigurationList;
			buildConfigurations = (
				39BE5A61256C40D4007F0724 /* Debug */,
				39BE5A62256C40D4007F0724 /* Release */,
			);
			defaultConfigurationIsVisible = 0;
			defaultConfigurationName = Release;
		};
/* End XCConfigurationList section */
	};
	rootObject = 39BE5A40256C40D2007F0724 /* Project object */;
}
